// !$*UTF8*$!
{
	archiveVersion = 1;
	classes = {
	};
	objectVersion = 42;
	objects = {

/* Begin PBXBuildFile section */
		130F8B86001BDB6411CA292A /* MelodySearch.java in Sources */ = {isa = PBXBuildFile; fileRef = 00E68290FEC88D7311DB9C8B /* MelodySearch.java */; };
		130F8B8A001BDB6411CA292A /* example1.html in CopyFiles */ = {isa = PBXBuildFile; fileRef = 00E68291FEC88ED911DB9C8B /* example1.html */; };
		275FBA1A0BB253A900A48E31 /* Search.java in Sources */ = {isa = PBXBuildFile; fileRef = 275FBA190BB253A900A48E31 /* Search.java */; };
/* End PBXBuildFile section */

/* Begin PBXCopyFilesBuildPhase section */
		130F8B89001BDB6411CA292A /* CopyFiles */ = {
			isa = PBXCopyFilesBuildPhase;
			buildActionMask = 2147483647;
			dstPath = "";
			dstSubfolderSpec = 16;
			files = (
				130F8B8A001BDB6411CA292A /* example1.html in CopyFiles */,
			);
			runOnlyForDeploymentPostprocessing = 0;
		};
/* End PBXCopyFilesBuildPhase section */

/* Begin PBXFileReference section */
		00E68290FEC88D7311DB9C8B /* MelodySearch.java */ = {isa = PBXFileReference; fileEncoding = 4; lastKnownFileType = sourcecode.java; path = MelodySearch.java; sourceTree = "<group>"; };
		00E68291FEC88ED911DB9C8B /* example1.html */ = {isa = PBXFileReference; fileEncoding = 4; lastKnownFileType = text.html; path = example1.html; sourceTree = "<group>"; };
		275FBA190BB253A900A48E31 /* Search.java */ = {isa = PBXFileReference; fileEncoding = "-2147483647"; lastKnownFileType = sourcecode.java; path = Search.java; sourceTree = "<group>"; };
		329C72810360BFA200C91783 /* MelodySearch.jar */ = {isa = PBXFileReference; explicitFileType = archive.jar; includeInIndex = 0; path = MelodySearch.jar; sourceTree = BUILT_PRODUCTS_DIR; };
/* End PBXFileReference section */

/* Begin PBXFrameworksBuildPhase section */
		130F8B88001BDB6411CA292A /* Frameworks */ = {
			isa = PBXFrameworksBuildPhase;
			buildActionMask = 2147483647;
			files = (
			);
			runOnlyForDeploymentPostprocessing = 0;
		};
/* End PBXFrameworksBuildPhase section */

/* Begin PBXGroup section */
		00E6828FFEC88D1A11DB9C8B = {
			isa = PBXGroup;
			children = (
				00E68290FEC88D7311DB9C8B /* MelodySearch.java */,
				275FBA190BB253A900A48E31 /* Search.java */,
				00E68291FEC88ED911DB9C8B /* example1.html */,
				0120612AFEC8923411DB9C8B /* Products */,
			);
			sourceTree = "<group>";
		};
		0120612AFEC8923411DB9C8B /* Products */ = {
			isa = PBXGroup;
			children = (
				329C72810360BFA200C91783 /* MelodySearch.jar */,
			);
			name = Products;
			sourceTree = "<group>";
		};
/* End PBXGroup section */

/* Begin PBXJavaArchiveBuildPhase section */
		130F8B87001BDB6411CA292A /* JavaArchive */ = {
			isa = PBXJavaArchiveBuildPhase;
			buildActionMask = 2147483647;
			files = (
			);
			runOnlyForDeploymentPostprocessing = 0;
		};
/* End PBXJavaArchiveBuildPhase section */

/* Begin PBXProject section */
		00E6828EFEC88D1A11DB9C8B /* Project object */ = {
			isa = PBXProject;
			buildConfigurationList = 0A93EADD08BBABD500F13603 /* Build configuration list for PBXProject "MelodySearch" */;
			hasScannedForEncodings = 1;
			mainGroup = 00E6828FFEC88D1A11DB9C8B;
			productRefGroup = 0120612AFEC8923411DB9C8B /* Products */;
			projectDirPath = "";
			targets = (
				130F8B84001BDB6411CA292A /* MelodySearch */,
			);
		};
/* End PBXProject section */

/* Begin PBXSourcesBuildPhase section */
		130F8B85001BDB6411CA292A /* Sources */ = {
			isa = PBXSourcesBuildPhase;
			buildActionMask = 2147483647;
			files = (
				130F8B86001BDB6411CA292A /* MelodySearch.java in Sources */,
				275FBA1A0BB253A900A48E31 /* Search.java in Sources */,
			);
			runOnlyForDeploymentPostprocessing = 0;
		};
/* End PBXSourcesBuildPhase section */

/* Begin PBXToolTarget section */
		130F8B84001BDB6411CA292A /* MelodySearch */ = {
			isa = PBXToolTarget;
			buildConfigurationList = 0A93EAD908BBABD500F13603 /* Build configuration list for PBXToolTarget "MelodySearch" */;
			buildPhases = (
				130F8B85001BDB6411CA292A /* Sources */,
				130F8B87001BDB6411CA292A /* JavaArchive */,
				130F8B88001BDB6411CA292A /* Frameworks */,
				130F8B89001BDB6411CA292A /* CopyFiles */,
			);
			dependencies = (
			);
			name = MelodySearch;
			productInstallPath = /usr/local/bin;
			productName = JavaAWTApplet;
			productReference = 329C72810360BFA200C91783 /* MelodySearch.jar */;
		};
/* End PBXToolTarget section */

/* Begin XCBuildConfiguration section */
		0A93EADA08BBABD500F13603 /* Debug */ = {
			isa = XCBuildConfiguration;
			buildSettings = {
				COPY_PHASE_STRIP = NO;
				GCC_DYNAMIC_NO_PIC = NO;
				GCC_ENABLE_FIX_AND_CONTINUE = YES;
				GCC_GENERATE_DEBUGGING_SYMBOLS = YES;
				GCC_OPTIMIZATION_LEVEL = 0;
				JAVA_ARCHIVE_CLASSES = YES;
				JAVA_ARCHIVE_COMPRESSION = NO;
				JAVA_ARCHIVE_TYPE = JAR;
				JAVA_COMPILER = /usr/bin/javac;
				JAVA_COMPILER_SOURCE_VERSION = 1.5;
				JAVA_COMPILER_TARGET_VM_VERSION = 1.5;
				JAVA_SOURCE_SUBDIR = .;
				PRODUCT_NAME = MelodySearch;
				PURE_JAVA = YES;
				REZ_EXECUTABLE = YES;
				ZERO_LINK = YES;
			};
			name = Debug;
		};
		0A93EADB08BBABD500F13603 /* Release */ = {
			isa = XCBuildConfiguration;
			buildSettings = {
				COPY_PHASE_STRIP = YES;
				GCC_ENABLE_FIX_AND_CONTINUE = NO;
				JAVA_ARCHIVE_CLASSES = YES;
				JAVA_ARCHIVE_COMPRESSION = NO;
				JAVA_ARCHIVE_TYPE = JAR;
				JAVA_COMPILER = /usr/bin/javac;
				JAVA_SOURCE_SUBDIR = .;
				PRODUCT_NAME = MelodySearch;
				PURE_JAVA = YES;
				REZ_EXECUTABLE = YES;
				ZERO_LINK = NO;
			};
			name = Release;
		};
		0A93EADE08BBABD500F13603 /* Debug */ = {
			isa = XCBuildConfiguration;
			buildSettings = {
			};
			name = Debug;
		};
		0A93EADF08BBABD500F13603 /* Release */ = {
			isa = XCBuildConfiguration;
			buildSettings = {
			};
			name = Release;
		};
/* End XCBuildConfiguration section */

/* Begin XCConfigurationList section */
		0A93EAD908BBABD500F13603 /* Build configuration list for PBXToolTarget "MelodySearch" */ = {
			isa = XCConfigurationList;
			buildConfigurations = (
				0A93EADA08BBABD500F13603 /* Debug */,
				0A93EADB08BBABD500F13603 /* Release */,
			);
			defaultConfigurationIsVisible = 0;
			defaultConfigurationName = Release;
		};
		0A93EADD08BBABD500F13603 /* Build configuration list for PBXProject "MelodySearch" */ = {
			isa = XCConfigurationList;
			buildConfigurations = (
				0A93EADE08BBABD500F13603 /* Debug */,
				0A93EADF08BBABD500F13603 /* Release */,
			);
			defaultConfigurationIsVisible = 0;
			defaultConfigurationName = Release;
		};
/* End XCConfigurationList section */
	};
	rootObject = 00E6828EFEC88D1A11DB9C8B /* Project object */;
}
